{
    "_readme": [
        "This file locks the dependencies of your project to a known state",
        "Read more about it at http://getcomposer.org/doc/01-basic-usage.md#composer-lock-the-lock-file",
        "This file is @generated automatically"
    ],
    "hash": "f28535d33d4668313d9282f09ef34fd3",
    "packages": [
        {
            "name": "bravesheep/dogmatist",
            "version": "dev-master",
            "source": {
                "type": "git",
                "url": "https://github.com/bravesheep/dogmatist.git",
                "reference": "cd5b6519bd586b40fae6e23dee8a692df8511d45"
            },
            "dist": {
                "type": "zip",
                "url": "https://api.github.com/repos/bravesheep/dogmatist/zipball/cd5b6519bd586b40fae6e23dee8a692df8511d45",
                "reference": "cd5b6519bd586b40fae6e23dee8a692df8511d45",
                "shasum": ""
            },
            "require": {
                "doctrine/annotations": "~1.2",
                "doctrine/orm": "~2.4",
                "fzaninotto/faker": "~1.4",
                "php": "~5.5",
                "symfony/property-access": "~2.6"
            },
            "require-dev": {
                "crysalead/box": "dev-master",
                "crysalead/dir": "dev-master",
                "crysalead/filter": "dev-master",
                "crysalead/jit": "dev-master",
                "crysalead/kahlan": "dev-master",
                "crysalead/set": "dev-master",
                "crysalead/string": "dev-master"
            },
            "type": "library",
            "autoload": {
                "psr-4": {
                    "Bravesheep\\Dogmatist\\": "src/",
                    "Bravesheep\\Spec\\": "spec/example/"
                }
            },
            "notification-url": "https://packagist.org/downloads/",
            "license": [
                "MIT"
            ],
            "authors": [
                {
                    "name": "Ruben Nijveld",
                    "email": "ruben@gewooniets.nl"
                }
            ],
            "description": "A generator for Doctrine2 ORM entities",
            "time": "2015-03-03 10:30:11"
        },
        {
            "name": "doctrine/annotations",
            "version": "v1.2.3",
            "source": {
                "type": "git",
                "url": "https://github.com/doctrine/annotations.git",
                "reference": "eeda578cbe24a170331a1cfdf78be723412df7a4"
            },
            "dist": {
                "type": "zip",
                "url": "https://api.github.com/repos/doctrine/annotations/zipball/eeda578cbe24a170331a1cfdf78be723412df7a4",
                "reference": "eeda578cbe24a170331a1cfdf78be723412df7a4",
                "shasum": ""
            },
            "require": {
                "doctrine/lexer": "1.*",
                "php": ">=5.3.2"
            },
            "require-dev": {
                "doctrine/cache": "1.*",
                "phpunit/phpunit": "4.*"
            },
            "type": "library",
            "extra": {
                "branch-alias": {
                    "dev-master": "1.3.x-dev"
                }
            },
            "autoload": {
                "psr-0": {
                    "Doctrine\\Common\\Annotations\\": "lib/"
                }
            },
            "notification-url": "https://packagist.org/downloads/",
            "license": [
                "MIT"
            ],
            "authors": [
                {
                    "name": "Roman Borschel",
                    "email": "roman@code-factory.org"
                },
                {
                    "name": "Benjamin Eberlei",
                    "email": "kontakt@beberlei.de"
                },
                {
                    "name": "Guilherme Blanco",
                    "email": "guilhermeblanco@gmail.com"
                },
                {
                    "name": "Jonathan Wage",
                    "email": "jonwage@gmail.com"
                },
                {
                    "name": "Johannes Schmitt",
                    "email": "schmittjoh@gmail.com"
                }
            ],
            "description": "Docblock Annotations Parser",
            "homepage": "http://www.doctrine-project.org",
            "keywords": [
                "annotations",
                "docblock",
                "parser"
            ],
            "time": "2014-12-20 20:49:38"
        },
        {
            "name": "doctrine/cache",
            "version": "v1.4.0",
            "source": {
                "type": "git",
                "url": "https://github.com/doctrine/cache.git",
                "reference": "2346085d2b027b233ae1d5de59b07440b9f288c8"
            },
            "dist": {
                "type": "zip",
                "url": "https://api.github.com/repos/doctrine/cache/zipball/2346085d2b027b233ae1d5de59b07440b9f288c8",
                "reference": "2346085d2b027b233ae1d5de59b07440b9f288c8",
                "shasum": ""
            },
            "require": {
                "php": ">=5.3.2"
            },
            "conflict": {
                "doctrine/common": ">2.2,<2.4"
            },
            "require-dev": {
                "phpunit/phpunit": ">=3.7",
                "predis/predis": "~0.8",
                "satooshi/php-coveralls": "~0.6"
            },
            "type": "library",
            "extra": {
                "branch-alias": {
                    "dev-master": "1.4.x-dev"
                }
            },
            "autoload": {
                "psr-0": {
                    "Doctrine\\Common\\Cache\\": "lib/"
                }
            },
            "notification-url": "https://packagist.org/downloads/",
            "license": [
                "MIT"
            ],
            "authors": [
                {
                    "name": "Roman Borschel",
                    "email": "roman@code-factory.org"
                },
                {
                    "name": "Benjamin Eberlei",
                    "email": "kontakt@beberlei.de"
                },
                {
                    "name": "Guilherme Blanco",
                    "email": "guilhermeblanco@gmail.com"
                },
                {
                    "name": "Jonathan Wage",
                    "email": "jonwage@gmail.com"
                },
                {
                    "name": "Johannes Schmitt",
                    "email": "schmittjoh@gmail.com"
                }
            ],
            "description": "Caching library offering an object-oriented API for many cache backends",
            "homepage": "http://www.doctrine-project.org",
            "keywords": [
                "cache",
                "caching"
            ],
            "time": "2015-01-15 20:38:55"
        },
        {
            "name": "doctrine/collections",
            "version": "v1.2",
            "source": {
                "type": "git",
                "url": "https://github.com/doctrine/collections.git",
                "reference": "b99c5c46c87126201899afe88ec490a25eedd6a2"
            },
            "dist": {
                "type": "zip",
                "url": "https://api.github.com/repos/doctrine/collections/zipball/b99c5c46c87126201899afe88ec490a25eedd6a2",
                "reference": "b99c5c46c87126201899afe88ec490a25eedd6a2",
                "shasum": ""
            },
            "require": {
                "php": ">=5.3.2"
            },
            "type": "library",
            "extra": {
                "branch-alias": {
                    "dev-master": "1.2.x-dev"
                }
            },
            "autoload": {
                "psr-0": {
                    "Doctrine\\Common\\Collections\\": "lib/"
                }
            },
            "notification-url": "https://packagist.org/downloads/",
            "license": [
                "MIT"
            ],
            "authors": [
                {
                    "name": "Jonathan Wage",
                    "email": "jonwage@gmail.com",
                    "homepage": "http://www.jwage.com/",
                    "role": "Creator"
                },
                {
                    "name": "Guilherme Blanco",
                    "email": "guilhermeblanco@gmail.com",
                    "homepage": "http://www.instaclick.com"
                },
                {
                    "name": "Roman Borschel",
                    "email": "roman@code-factory.org"
                },
                {
                    "name": "Benjamin Eberlei",
                    "email": "kontakt@beberlei.de"
                },
                {
                    "name": "Johannes Schmitt",
                    "email": "schmittjoh@gmail.com",
                    "homepage": "https://github.com/schmittjoh",
                    "role": "Developer of wrapped JMSSerializerBundle"
                }
            ],
            "description": "Collections Abstraction library",
            "homepage": "http://www.doctrine-project.org",
            "keywords": [
                "array",
                "collections",
                "iterator"
            ],
            "time": "2014-02-03 23:07:43"
        },
        {
            "name": "doctrine/common",
            "version": "v2.4.2",
            "source": {
                "type": "git",
                "url": "https://github.com/doctrine/common.git",
                "reference": "5db6ab40e4c531f14dad4ca96a394dfce5d4255b"
            },
            "dist": {
                "type": "zip",
                "url": "https://api.github.com/repos/doctrine/common/zipball/5db6ab40e4c531f14dad4ca96a394dfce5d4255b",
                "reference": "5db6ab40e4c531f14dad4ca96a394dfce5d4255b",
                "shasum": ""
            },
            "require": {
                "doctrine/annotations": "1.*",
                "doctrine/cache": "1.*",
                "doctrine/collections": "1.*",
                "doctrine/inflector": "1.*",
                "doctrine/lexer": "1.*",
                "php": ">=5.3.2"
            },
            "require-dev": {
                "phpunit/phpunit": "~3.7"
            },
            "type": "library",
            "extra": {
                "branch-alias": {
                    "dev-master": "2.4.x-dev"
                }
            },
            "autoload": {
                "psr-0": {
                    "Doctrine\\Common\\": "lib/"
                }
            },
            "notification-url": "https://packagist.org/downloads/",
            "license": [
                "MIT"
            ],
            "authors": [
                {
                    "name": "Jonathan Wage",
                    "email": "jonwage@gmail.com",
                    "homepage": "http://www.jwage.com/",
                    "role": "Creator"
                },
                {
                    "name": "Guilherme Blanco",
                    "email": "guilhermeblanco@gmail.com",
                    "homepage": "http://www.instaclick.com"
                },
                {
                    "name": "Roman Borschel",
                    "email": "roman@code-factory.org"
                },
                {
                    "name": "Benjamin Eberlei",
                    "email": "kontakt@beberlei.de"
                },
                {
                    "name": "Johannes Schmitt",
                    "email": "schmittjoh@gmail.com",
                    "homepage": "https://github.com/schmittjoh",
                    "role": "Developer of wrapped JMSSerializerBundle"
                }
            ],
            "description": "Common Library for Doctrine projects",
            "homepage": "http://www.doctrine-project.org",
            "keywords": [
                "annotations",
                "collections",
                "eventmanager",
                "persistence",
                "spl"
            ],
            "time": "2014-05-21 19:28:51"
        },
        {
            "name": "doctrine/dbal",
            "version": "v2.5.1",
            "source": {
                "type": "git",
                "url": "https://github.com/doctrine/dbal.git",
                "reference": "628c2256b646ae2417d44e063bce8aec5199d48d"
            },
            "dist": {
                "type": "zip",
                "url": "https://api.github.com/repos/doctrine/dbal/zipball/628c2256b646ae2417d44e063bce8aec5199d48d",
                "reference": "628c2256b646ae2417d44e063bce8aec5199d48d",
                "shasum": ""
            },
            "require": {
                "doctrine/common": ">=2.4,<2.6-dev",
                "php": ">=5.3.2"
            },
            "require-dev": {
                "phpunit/phpunit": "4.*",
                "symfony/console": "2.*"
            },
            "suggest": {
                "symfony/console": "For helpful console commands such as SQL execution and import of files."
            },
            "bin": [
                "bin/doctrine-dbal"
            ],
            "type": "library",
            "extra": {
                "branch-alias": {
                    "dev-master": "2.5.x-dev"
                }
            },
            "autoload": {
                "psr-0": {
                    "Doctrine\\DBAL\\": "lib/"
                }
            },
            "notification-url": "https://packagist.org/downloads/",
            "license": [
                "MIT"
            ],
            "authors": [
                {
                    "name": "Roman Borschel",
                    "email": "roman@code-factory.org"
                },
                {
                    "name": "Benjamin Eberlei",
                    "email": "kontakt@beberlei.de"
                },
                {
                    "name": "Guilherme Blanco",
                    "email": "guilhermeblanco@gmail.com"
                },
                {
                    "name": "Jonathan Wage",
                    "email": "jonwage@gmail.com"
                }
            ],
            "description": "Database Abstraction Layer",
            "homepage": "http://www.doctrine-project.org",
            "keywords": [
                "database",
                "dbal",
                "persistence",
                "queryobject"
            ],
            "time": "2015-01-12 21:52:47"
        },
        {
            "name": "doctrine/inflector",
            "version": "v1.0.1",
            "source": {
                "type": "git",
                "url": "https://github.com/doctrine/inflector.git",
                "reference": "0bcb2e79d8571787f18b7eb036ed3d004908e604"
            },
            "dist": {
                "type": "zip",
                "url": "https://api.github.com/repos/doctrine/inflector/zipball/0bcb2e79d8571787f18b7eb036ed3d004908e604",
                "reference": "0bcb2e79d8571787f18b7eb036ed3d004908e604",
                "shasum": ""
            },
            "require": {
                "php": ">=5.3.2"
            },
            "require-dev": {
                "phpunit/phpunit": "4.*"
            },
            "type": "library",
            "extra": {
                "branch-alias": {
                    "dev-master": "1.0.x-dev"
                }
            },
            "autoload": {
                "psr-0": {
                    "Doctrine\\Common\\Inflector\\": "lib/"
                }
            },
            "notification-url": "https://packagist.org/downloads/",
            "license": [
                "MIT"
            ],
            "authors": [
                {
                    "name": "Roman Borschel",
                    "email": "roman@code-factory.org"
                },
                {
                    "name": "Benjamin Eberlei",
                    "email": "kontakt@beberlei.de"
                },
                {
                    "name": "Guilherme Blanco",
                    "email": "guilhermeblanco@gmail.com"
                },
                {
                    "name": "Jonathan Wage",
                    "email": "jonwage@gmail.com"
                },
                {
                    "name": "Johannes Schmitt",
                    "email": "schmittjoh@gmail.com"
                }
            ],
            "description": "Common String Manipulations with regard to casing and singular/plural rules.",
            "homepage": "http://www.doctrine-project.org",
            "keywords": [
                "inflection",
                "pluralize",
                "singularize",
                "string"
            ],
            "time": "2014-12-20 21:24:13"
        },
        {
            "name": "doctrine/lexer",
            "version": "v1.0.1",
            "source": {
                "type": "git",
                "url": "https://github.com/doctrine/lexer.git",
                "reference": "83893c552fd2045dd78aef794c31e694c37c0b8c"
            },
            "dist": {
                "type": "zip",
                "url": "https://api.github.com/repos/doctrine/lexer/zipball/83893c552fd2045dd78aef794c31e694c37c0b8c",
                "reference": "83893c552fd2045dd78aef794c31e694c37c0b8c",
                "shasum": ""
            },
            "require": {
                "php": ">=5.3.2"
            },
            "type": "library",
            "extra": {
                "branch-alias": {
                    "dev-master": "1.0.x-dev"
                }
            },
            "autoload": {
                "psr-0": {
                    "Doctrine\\Common\\Lexer\\": "lib/"
                }
            },
            "notification-url": "https://packagist.org/downloads/",
            "license": [
                "MIT"
            ],
            "authors": [
                {
                    "name": "Roman Borschel",
                    "email": "roman@code-factory.org"
                },
                {
                    "name": "Guilherme Blanco",
                    "email": "guilhermeblanco@gmail.com"
                },
                {
                    "name": "Johannes Schmitt",
                    "email": "schmittjoh@gmail.com"
                }
            ],
            "description": "Base library for a lexer that can be used in Top-Down, Recursive Descent Parsers.",
            "homepage": "http://www.doctrine-project.org",
            "keywords": [
                "lexer",
                "parser"
            ],
            "time": "2014-09-09 13:34:57"
        },
        {
            "name": "doctrine/orm",
            "version": "v2.4.7",
            "source": {
                "type": "git",
                "url": "https://github.com/doctrine/doctrine2.git",
                "reference": "2bc4ff3cab2ae297bcd05f2e619d42e6a7ca9e68"
            },
            "dist": {
                "type": "zip",
                "url": "https://api.github.com/repos/doctrine/doctrine2/zipball/2bc4ff3cab2ae297bcd05f2e619d42e6a7ca9e68",
                "reference": "2bc4ff3cab2ae297bcd05f2e619d42e6a7ca9e68",
                "shasum": ""
            },
            "require": {
                "doctrine/collections": "~1.1",
                "doctrine/dbal": "~2.4",
                "ext-pdo": "*",
                "php": ">=5.3.2",
                "symfony/console": "~2.0"
            },
            "require-dev": {
                "satooshi/php-coveralls": "dev-master",
                "symfony/yaml": "~2.1"
            },
            "suggest": {
                "symfony/yaml": "If you want to use YAML Metadata Mapping Driver"
            },
            "bin": [
                "bin/doctrine",
                "bin/doctrine.php"
            ],
            "type": "library",
            "extra": {
                "branch-alias": {
                    "dev-master": "2.4.x-dev"
                }
            },
            "autoload": {
                "psr-0": {
                    "Doctrine\\ORM\\": "lib/"
                }
            },
            "notification-url": "https://packagist.org/downloads/",
            "license": [
                "MIT"
            ],
            "authors": [
                {
                    "name": "Roman Borschel",
                    "email": "roman@code-factory.org"
                },
                {
                    "name": "Benjamin Eberlei",
                    "email": "kontakt@beberlei.de"
                },
                {
                    "name": "Guilherme Blanco",
                    "email": "guilhermeblanco@gmail.com"
                },
                {
                    "name": "Jonathan Wage",
                    "email": "jonwage@gmail.com"
                }
            ],
            "description": "Object-Relational-Mapper for PHP",
            "homepage": "http://www.doctrine-project.org",
            "keywords": [
                "database",
                "orm"
            ],
            "time": "2014-12-16 13:45:01"
        },
        {
            "name": "fzaninotto/faker",
            "version": "v1.4.0",
            "source": {
                "type": "git",
                "url": "https://github.com/fzaninotto/Faker.git",
                "reference": "010c7efedd88bf31141a02719f51fb44c732d5a0"
            },
            "dist": {
                "type": "zip",
                "url": "https://api.github.com/repos/fzaninotto/Faker/zipball/010c7efedd88bf31141a02719f51fb44c732d5a0",
                "reference": "010c7efedd88bf31141a02719f51fb44c732d5a0",
                "shasum": ""
            },
            "require": {
                "php": ">=5.3.3"
            },
            "require-dev": {
                "phpunit/phpunit": "~4.0",
                "squizlabs/php_codesniffer": "~1.5"
            },
            "type": "library",
            "extra": {
                "branch-alias": []
            },
            "autoload": {
                "psr-0": {
                    "Faker": "src/",
                    "Faker\\PHPUnit": "test/"
                }
            },
            "notification-url": "https://packagist.org/downloads/",
            "license": [
                "MIT"
            ],
            "authors": [
                {
                    "name": "François Zaninotto"
                }
            ],
            "description": "Faker is a PHP library that generates fake data for you.",
            "keywords": [
                "data",
                "faker",
                "fixtures"
            ],
            "time": "2014-06-04 14:43:02"
        },
        {
            "name": "symfony/console",
            "version": "v2.6.4",
            "target-dir": "Symfony/Component/Console",
            "source": {
                "type": "git",
                "url": "https://github.com/symfony/Console.git",
                "reference": "e44154bfe3e41e8267d7a3794cd9da9a51cfac34"
            },
            "dist": {
                "type": "zip",
                "url": "https://api.github.com/repos/symfony/Console/zipball/e44154bfe3e41e8267d7a3794cd9da9a51cfac34",
                "reference": "e44154bfe3e41e8267d7a3794cd9da9a51cfac34",
                "shasum": ""
            },
            "require": {
                "php": ">=5.3.3"
            },
            "require-dev": {
                "psr/log": "~1.0",
                "symfony/event-dispatcher": "~2.1",
                "symfony/process": "~2.1"
            },
            "suggest": {
                "psr/log": "For using the console logger",
                "symfony/event-dispatcher": "",
                "symfony/process": ""
            },
            "type": "library",
            "extra": {
                "branch-alias": {
                    "dev-master": "2.6-dev"
                }
            },
            "autoload": {
                "psr-0": {
                    "Symfony\\Component\\Console\\": ""
                }
            },
            "notification-url": "https://packagist.org/downloads/",
            "license": [
                "MIT"
            ],
            "authors": [
                {
                    "name": "Symfony Community",
                    "homepage": "http://symfony.com/contributors"
                },
                {
                    "name": "Fabien Potencier",
                    "email": "fabien@symfony.com"
                }
            ],
            "description": "Symfony Console Component",
            "homepage": "http://symfony.com",
            "time": "2015-01-25 04:39:26"
        },
        {
            "name": "symfony/property-access",
            "version": "v2.6.4",
            "target-dir": "Symfony/Component/PropertyAccess",
            "source": {
                "type": "git",
                "url": "https://github.com/symfony/PropertyAccess.git",
                "reference": "9c0b67ea9c1a2b59cc7afae9177cd3c5ca5ac608"
            },
            "dist": {
                "type": "zip",
                "url": "https://api.github.com/repos/symfony/PropertyAccess/zipball/9c0b67ea9c1a2b59cc7afae9177cd3c5ca5ac608",
                "reference": "9c0b67ea9c1a2b59cc7afae9177cd3c5ca5ac608",
                "shasum": ""
            },
            "require": {
                "php": ">=5.3.3"
            },
            "type": "library",
            "extra": {
                "branch-alias": {
                    "dev-master": "2.6-dev"
                }
            },
            "autoload": {
                "psr-0": {
                    "Symfony\\Component\\PropertyAccess\\": ""
                }
            },
            "notification-url": "https://packagist.org/downloads/",
            "license": [
                "MIT"
            ],
            "authors": [
                {
                    "name": "Symfony Community",
                    "homepage": "http://symfony.com/contributors"
                },
                {
                    "name": "Fabien Potencier",
                    "email": "fabien@symfony.com"
                }
            ],
            "description": "Symfony PropertyAccess Component",
            "homepage": "http://symfony.com",
            "keywords": [
                "access",
                "array",
                "extraction",
                "index",
                "injection",
                "object",
                "property",
                "property path",
                "reflection"
            ],
            "time": "2015-01-25 04:39:26"
        }
    ],
    "packages-dev": [
        {
            "name": "crysalead/box",
            "version": "dev-master",
            "source": {
                "type": "git",
                "url": "https://github.com/crysalead/box.git",
                "reference": "08ba6cc873044326489eaef5638ee4d85354913a"
            },
            "dist": {
                "type": "zip",
                "url": "https://api.github.com/repos/crysalead/box/zipball/08ba6cc873044326489eaef5638ee4d85354913a",
                "reference": "08ba6cc873044326489eaef5638ee4d85354913a",
                "shasum": ""
            },
            "require": {
                "php": ">=5.4"
            },
            "require-dev": {
                "crysalead/kahlan": "dev-master"
            },
            "type": "library",
            "autoload": {
                "psr-4": {
                    "box\\": "src/",
                    "box\\spec\\": "spec/"
                },
                "files": [
                    "src/init.php"
                ]
            },
            "notification-url": "https://packagist.org/downloads/",
            "license": [
                "MIT"
            ],
            "description": "Minimalist Dependency Injection Container.",
            "keywords": [
                "dependency injection",
                "dependency injection container",
                "inversion of control",
                "ioc"
            ],
            "time": "2015-03-02 21:38:58"
        },
        {
            "name": "crysalead/dir",
            "version": "dev-master",
            "source": {
                "type": "git",
                "url": "https://github.com/crysalead/dir.git",
                "reference": "167ab6d2c367703212c16941ab13987cf30788fb"
            },
            "dist": {
                "type": "zip",
                "url": "https://api.github.com/repos/crysalead/dir/zipball/167ab6d2c367703212c16941ab13987cf30788fb",
                "reference": "167ab6d2c367703212c16941ab13987cf30788fb",
                "shasum": ""
            },
            "require": {
                "php": ">=5.4"
            },
            "require-dev": {
                "crysalead/kahlan": "dev-master"
            },
            "type": "library",
            "autoload": {
                "psr-4": {
                    "dir\\": "src/",
                    "dir\\spec\\": "spec/"
                }
            },
            "notification-url": "https://packagist.org/downloads/",
            "license": [
                "MIT"
            ],
            "description": "Recursive directory scanner to locate directories and/or files in a file system",
            "keywords": [
                "Directory Scanner",
                "directory",
                "file",
                "file system"
            ],
            "time": "2014-12-13 22:46:24"
        },
        {
            "name": "crysalead/filter",
            "version": "dev-master",
            "source": {
                "type": "git",
                "url": "https://github.com/crysalead/filter.git",
                "reference": "f965a8664f2341537a86a1c2ca043dcc711c6b54"
            },
            "dist": {
                "type": "zip",
                "url": "https://api.github.com/repos/crysalead/filter/zipball/f965a8664f2341537a86a1c2ca043dcc711c6b54",
                "reference": "f965a8664f2341537a86a1c2ca043dcc711c6b54",
                "shasum": ""
            },
            "require": {
                "crysalead/jit": "dev-master",
                "php": ">=5.4"
            },
            "require-dev": {
                "crysalead/kahlan": "dev-master"
            },
            "type": "library",
            "autoload": {
                "psr-4": {
                    "filter\\": "src/",
                    "filter\\spec\\": "spec/"
                }
            },
            "notification-url": "https://packagist.org/downloads/",
            "license": [
                "MIT"
            ],
            "authors": [
                {
                    "name": "CrysaLEAD"
                }
            ],
            "description": "Method filtering system",
            "keywords": [
                "aop",
                "aspect",
                "aspect programming",
                "method filtering"
            ],
            "time": "2015-01-24 13:30:08"
        },
        {
            "name": "crysalead/jit",
            "version": "dev-master",
            "source": {
                "type": "git",
                "url": "https://github.com/crysalead/jit.git",
                "reference": "8a6378918a432d260bb4d1b0713dbd954121caed"
            },
            "dist": {
                "type": "zip",
                "url": "https://api.github.com/repos/crysalead/jit/zipball/8a6378918a432d260bb4d1b0713dbd954121caed",
                "reference": "8a6378918a432d260bb4d1b0713dbd954121caed",
                "shasum": ""
            },
            "require": {
                "php": ">=5.4"
            },
            "require-dev": {
                "crysalead/kahlan": "dev-master"
            },
            "type": "library",
            "autoload": {
                "psr-4": {
                    "jit\\": "src/",
                    "jit\\spec\\": "spec/"
                }
            },
            "notification-url": "https://packagist.org/downloads/",
            "license": [
                "MIT"
            ],
            "description": "Just In Time Code Patcher.",
            "keywords": [
                "Code Patcher",
                "jit"
            ],
            "time": "2015-03-02 21:56:03"
        },
        {
            "name": "crysalead/kahlan",
            "version": "dev-master",
            "source": {
                "type": "git",
                "url": "https://github.com/crysalead/kahlan.git",
                "reference": "84f1c522a56dff24d7b259ac0edf5c53e25a7b3c"
            },
            "dist": {
                "type": "zip",
                "url": "https://api.github.com/repos/crysalead/kahlan/zipball/84f1c522a56dff24d7b259ac0edf5c53e25a7b3c",
                "reference": "84f1c522a56dff24d7b259ac0edf5c53e25a7b3c",
                "shasum": ""
            },
            "require": {
                "crysalead/box": "dev-master",
                "crysalead/dir": "dev-master",
                "crysalead/filter": "dev-master",
                "crysalead/jit": "dev-master",
                "crysalead/set": "dev-master",
                "crysalead/string": "dev-master",
                "php": ">=5.4"
            },
            "bin": [
                "bin/kahlan"
            ],
            "type": "library",
            "autoload": {
                "psr-4": {
                    "kahlan\\": "src/",
                    "kahlan\\spec\\": "spec/"
                },
                "files": [
                    "src/init.php"
                ]
            },
            "notification-url": "https://packagist.org/downloads/",
            "license": [
                "MIT"
            ],
            "authors": [
                {
                    "name": "CrysaLEAD"
                }
            ],
            "description": "Behavior-Driven Development (BDD) library.",
            "keywords": [
                "BDD",
                "Behavior-Driven Development",
                "Monkey Patching",
                "TDD",
                "mock",
                "stub",
                "testing",
                "unit test"
            ],
            "time": "2015-02-28 22:54:26"
        },
        {
            "name": "crysalead/set",
            "version": "dev-master",
            "source": {
                "type": "git",
                "url": "https://github.com/crysalead/set.git",
                "reference": "fca78453076aca6080f46f6f7b416604526e5c3b"
            },
            "dist": {
                "type": "zip",
                "url": "https://api.github.com/repos/crysalead/set/zipball/fca78453076aca6080f46f6f7b416604526e5c3b",
                "reference": "fca78453076aca6080f46f6f7b416604526e5c3b",
                "shasum": ""
            },
            "require": {
                "php": ">=5.4"
            },
            "require-dev": {
                "crysalead/kahlan": "dev-master"
            },
            "type": "library",
            "extra": {
                "branch-alias": {
                    "dev-master": "1.0.x-dev"
                }
            },
            "autoload": {
                "psr-4": {
                    "set\\": "src/",
                    "set\\spec\\": "spec/"
                }
            },
            "notification-url": "https://packagist.org/downloads/",
            "license": [
                "MIT"
            ],
            "description": "Array manipulation library",
            "keywords": [
                "Array manipulation"
            ],
            "time": "2015-01-24 12:06:19"
        },
        {
            "name": "crysalead/string",
            "version": "dev-master",
            "source": {
                "type": "git",
                "url": "https://github.com/crysalead/string.git",
                "reference": "aeb00e4213aa35fd26bf9698dd22f5e60135d2d2"
            },
            "dist": {
                "type": "zip",
                "url": "https://api.github.com/repos/crysalead/string/zipball/aeb00e4213aa35fd26bf9698dd22f5e60135d2d2",
                "reference": "aeb00e4213aa35fd26bf9698dd22f5e60135d2d2",
                "shasum": ""
            },
            "require": {
                "crysalead/set": "dev-master",
                "php": ">=5.4"
            },
            "require-dev": {
                "crysalead/kahlan": "dev-master"
            },
            "type": "library",
            "autoload": {
                "psr-4": {
                    "string\\": "src/",
                    "string\\spec\\": "spec/"
                }
            },
            "notification-url": "https://packagist.org/downloads/",
            "license": [
                "MIT"
            ],
            "description": "String manipulation library",
            "keywords": [
                "string manipulation"
            ],
            "time": "2015-01-24 13:51:39"
        }
    ],
    "aliases": [],
    "minimum-stability": "stable",
    "stability-flags": {
        "bravesheep/dogmatist": 20,
        "crysalead/kahlan": 20,
        "crysalead/jit": 20,
        "crysalead/box": 20,
        "crysalead/filter": 20,
        "crysalead/string": 20,
        "crysalead/set": 20,
        "crysalead/dir": 20
    },
    "prefer-stable": false,
    "prefer-lowest": false,
    "platform": {
        "php": "~5.5"
    },
    "platform-dev": []
}
